// !$*UTF8*$!
{
	archiveVersion = 1;
	classes = {
	};
	objectVersion = 50;
	objects = {

/* Begin PBXBuildFile section */
		02CBAE7A268FFA8C001B1E1F /* AppDelegate.swift in Sources */ = {isa = PBXBuildFile; fileRef = 02CBAE79268FFA8C001B1E1F /* AppDelegate.swift */; };
		02CBAE7C268FFA8C001B1E1F /* SceneDelegate.swift in Sources */ = {isa = PBXBuildFile; fileRef = 02CBAE7B268FFA8C001B1E1F /* SceneDelegate.swift */; };
		02CBAE7E268FFA8C001B1E1F /* ViewController.swift in Sources */ = {isa = PBXBuildFile; fileRef = 02CBAE7D268FFA8C001B1E1F /* ViewController.swift */; };
		02CBAE81268FFA8C001B1E1F /* Main.storyboard in Resources */ = {isa = PBXBuildFile; fileRef = 02CBAE7F268FFA8C001B1E1F /* Main.storyboard */; };
		02CBAE84268FFA8C001B1E1F /* Maluscation.xcdatamodeld in Sources */ = {isa = PBXBuildFile; fileRef = 02CBAE82268FFA8C001B1E1F /* Maluscation.xcdatamodeld */; };
		02CBAE86268FFA90001B1E1F /* Assets.xcassets in Resources */ = {isa = PBXBuildFile; fileRef = 02CBAE85268FFA90001B1E1F /* Assets.xcassets */; };
		02CBAE89268FFA90001B1E1F /* LaunchScreen.storyboard in Resources */ = {isa = PBXBuildFile; fileRef = 02CBAE87268FFA90001B1E1F /* LaunchScreen.storyboard */; };
		02D49A842690244B003B7108 /* DataManager.swift in Sources */ = {isa = PBXBuildFile; fileRef = 02D49A832690244B003B7108 /* DataManager.swift */; };
		F388126A269025A40061D243 /* BookingForm.storyboard in Resources */ = {isa = PBXBuildFile; fileRef = F3881269269025A40061D243 /* BookingForm.storyboard */; };
		F388126C269025D20061D243 /* BookingFormViewController.swift in Sources */ = {isa = PBXBuildFile; fileRef = F388126B269025D20061D243 /* BookingFormViewController.swift */; };
		F388126E26905EEC0061D243 /* RobotoSlab-Black.ttf in Resources */ = {isa = PBXBuildFile; fileRef = F388126D26905EEC0061D243 /* RobotoSlab-Black.ttf */; };
		F388127126906A4E0061D243 /* Signika-Bold.ttf in Resources */ = {isa = PBXBuildFile; fileRef = F388127026906A4E0061D243 /* Signika-Bold.ttf */; };
		F388127426906ACE0061D243 /* RobotoSlab-Medium.ttf in Resources */ = {isa = PBXBuildFile; fileRef = F388127226906ACE0061D243 /* RobotoSlab-Medium.ttf */; };
		F388127526906ACE0061D243 /* RobotoSlab-Light.ttf in Resources */ = {isa = PBXBuildFile; fileRef = F388127326906ACE0061D243 /* RobotoSlab-Light.ttf */; };
		F38812772690940A0061D243 /* Receipt.storyboard in Resources */ = {isa = PBXBuildFile; fileRef = F38812762690940A0061D243 /* Receipt.storyboard */; };
		F3881279269094220061D243 /* ReceiptViewController.swift in Sources */ = {isa = PBXBuildFile; fileRef = F3881278269094220061D243 /* ReceiptViewController.swift */; };
		F3B1C6B62691809C004C24EC /* PaymentOpt.storyboard in Resources */ = {isa = PBXBuildFile; fileRef = F3B1C6B52691809C004C24EC /* PaymentOpt.storyboard */; };
		F3B1C6B8269180AC004C24EC /* PaymentOptViewController.swift in Sources */ = {isa = PBXBuildFile; fileRef = F3B1C6B7269180AC004C24EC /* PaymentOptViewController.swift */; };
		F3B1C6BA26919186004C24EC /* UserDetail.storyboard in Resources */ = {isa = PBXBuildFile; fileRef = F3B1C6B926919186004C24EC /* UserDetail.storyboard */; };
		F3B1C6BC26919195004C24EC /* UserDetailViewController.swift in Sources */ = {isa = PBXBuildFile; fileRef = F3B1C6BB26919195004C24EC /* UserDetailViewController.swift */; };
		02D49A86269075FB003B7108 /* PreferenceCheck.storyboard in Resources */ = {isa = PBXBuildFile; fileRef = 02D49A85269075FB003B7108 /* PreferenceCheck.storyboard */; };
		02D49A8C269076D6003B7108 /* SwipePageViewController.swift in Sources */ = {isa = PBXBuildFile; fileRef = 02D49A8B269076D6003B7108 /* SwipePageViewController.swift */; };
		02D49A8E269076F8003B7108 /* PreferenceCheckViewController.swift in Sources */ = {isa = PBXBuildFile; fileRef = 02D49A8D269076F8003B7108 /* PreferenceCheckViewController.swift */; };
		02D49A902690770C003B7108 /* SwipePage.storyboard in Resources */ = {isa = PBXBuildFile; fileRef = 02D49A8F2690770C003B7108 /* SwipePage.storyboard */; };
/* End PBXBuildFile section */

/* Begin PBXFileReference section */
		02CBAE76268FFA8C001B1E1F /* Maluscation.app */ = {isa = PBXFileReference; explicitFileType = wrapper.application; includeInIndex = 0; path = Maluscation.app; sourceTree = BUILT_PRODUCTS_DIR; };
		02CBAE79268FFA8C001B1E1F /* AppDelegate.swift */ = {isa = PBXFileReference; lastKnownFileType = sourcecode.swift; path = AppDelegate.swift; sourceTree = "<group>"; };
		02CBAE7B268FFA8C001B1E1F /* SceneDelegate.swift */ = {isa = PBXFileReference; lastKnownFileType = sourcecode.swift; path = SceneDelegate.swift; sourceTree = "<group>"; };
		02CBAE7D268FFA8C001B1E1F /* ViewController.swift */ = {isa = PBXFileReference; lastKnownFileType = sourcecode.swift; path = ViewController.swift; sourceTree = "<group>"; };
		02CBAE80268FFA8C001B1E1F /* Base */ = {isa = PBXFileReference; lastKnownFileType = file.storyboard; name = Base; path = Base.lproj/Main.storyboard; sourceTree = "<group>"; };
		02CBAE83268FFA8C001B1E1F /* Maluscation.xcdatamodel */ = {isa = PBXFileReference; lastKnownFileType = wrapper.xcdatamodel; path = Maluscation.xcdatamodel; sourceTree = "<group>"; };
		02CBAE85268FFA90001B1E1F /* Assets.xcassets */ = {isa = PBXFileReference; lastKnownFileType = folder.assetcatalog; path = Assets.xcassets; sourceTree = "<group>"; };
		02CBAE88268FFA90001B1E1F /* Base */ = {isa = PBXFileReference; lastKnownFileType = file.storyboard; name = Base; path = Base.lproj/LaunchScreen.storyboard; sourceTree = "<group>"; };
		02CBAE8A268FFA90001B1E1F /* Info.plist */ = {isa = PBXFileReference; lastKnownFileType = text.plist.xml; path = Info.plist; sourceTree = "<group>"; };
		02D49A822690219F003B7108 /* Maluscation.entitlements */ = {isa = PBXFileReference; lastKnownFileType = text.plist.entitlements; path = Maluscation.entitlements; sourceTree = "<group>"; };
		02D49A832690244B003B7108 /* DataManager.swift */ = {isa = PBXFileReference; lastKnownFileType = sourcecode.swift; path = DataManager.swift; sourceTree = "<group>"; };
		F3881269269025A40061D243 /* BookingForm.storyboard */ = {isa = PBXFileReference; lastKnownFileType = file.storyboard; path = BookingForm.storyboard; sourceTree = "<group>"; };
		F388126B269025D20061D243 /* BookingFormViewController.swift */ = {isa = PBXFileReference; lastKnownFileType = sourcecode.swift; path = BookingFormViewController.swift; sourceTree = "<group>"; };
		F388126D26905EEC0061D243 /* RobotoSlab-Black.ttf */ = {isa = PBXFileReference; lastKnownFileType = file; path = "RobotoSlab-Black.ttf"; sourceTree = "<group>"; };
		F388127026906A4E0061D243 /* Signika-Bold.ttf */ = {isa = PBXFileReference; lastKnownFileType = file; path = "Signika-Bold.ttf"; sourceTree = "<group>"; };
		F388127226906ACE0061D243 /* RobotoSlab-Medium.ttf */ = {isa = PBXFileReference; lastKnownFileType = file; path = "RobotoSlab-Medium.ttf"; sourceTree = "<group>"; };
		F388127326906ACE0061D243 /* RobotoSlab-Light.ttf */ = {isa = PBXFileReference; lastKnownFileType = file; path = "RobotoSlab-Light.ttf"; sourceTree = "<group>"; };
		F38812762690940A0061D243 /* Receipt.storyboard */ = {isa = PBXFileReference; lastKnownFileType = file.storyboard; path = Receipt.storyboard; sourceTree = "<group>"; };
		F3881278269094220061D243 /* ReceiptViewController.swift */ = {isa = PBXFileReference; lastKnownFileType = sourcecode.swift; path = ReceiptViewController.swift; sourceTree = "<group>"; };
		F3B1C6B52691809C004C24EC /* PaymentOpt.storyboard */ = {isa = PBXFileReference; lastKnownFileType = file.storyboard; path = PaymentOpt.storyboard; sourceTree = "<group>"; };
		F3B1C6B7269180AC004C24EC /* PaymentOptViewController.swift */ = {isa = PBXFileReference; lastKnownFileType = sourcecode.swift; path = PaymentOptViewController.swift; sourceTree = "<group>"; };
		F3B1C6B926919186004C24EC /* UserDetail.storyboard */ = {isa = PBXFileReference; lastKnownFileType = file.storyboard; path = UserDetail.storyboard; sourceTree = "<group>"; };
		F3B1C6BB26919195004C24EC /* UserDetailViewController.swift */ = {isa = PBXFileReference; lastKnownFileType = sourcecode.swift; path = UserDetailViewController.swift; sourceTree = "<group>"; };
		02D49A85269075FB003B7108 /* PreferenceCheck.storyboard */ = {isa = PBXFileReference; lastKnownFileType = file.storyboard; path = PreferenceCheck.storyboard; sourceTree = "<group>"; };
		02D49A8B269076D6003B7108 /* SwipePageViewController.swift */ = {isa = PBXFileReference; lastKnownFileType = sourcecode.swift; path = SwipePageViewController.swift; sourceTree = "<group>"; };
		02D49A8D269076F8003B7108 /* PreferenceCheckViewController.swift */ = {isa = PBXFileReference; lastKnownFileType = sourcecode.swift; path = PreferenceCheckViewController.swift; sourceTree = "<group>"; };
		02D49A8F2690770C003B7108 /* SwipePage.storyboard */ = {isa = PBXFileReference; lastKnownFileType = file.storyboard; path = SwipePage.storyboard; sourceTree = "<group>"; };
/* End PBXFileReference section */

/* Begin PBXFrameworksBuildPhase section */
		02CBAE73268FFA8C001B1E1F /* Frameworks */ = {
			isa = PBXFrameworksBuildPhase;
			buildActionMask = 2147483647;
			files = (
			);
			runOnlyForDeploymentPostprocessing = 0;
		};
/* End PBXFrameworksBuildPhase section */

/* Begin PBXGroup section */
		02CBAE6D268FFA8C001B1E1F = {
			isa = PBXGroup;
			children = (
				02CBAE78268FFA8C001B1E1F /* Maluscation */,
				02CBAE77268FFA8C001B1E1F /* Products */,
			);
			sourceTree = "<group>";
		};
		02CBAE77268FFA8C001B1E1F /* Products */ = {
			isa = PBXGroup;
			children = (
				02CBAE76268FFA8C001B1E1F /* Maluscation.app */,
			);
			name = Products;
			sourceTree = "<group>";
		};
		02CBAE78268FFA8C001B1E1F /* Maluscation */ = {
			isa = PBXGroup;
			children = (
				02D49A822690219F003B7108 /* Maluscation.entitlements */,
				02CBAE90268FFB06001B1E1F /* Model */,
				02CBAE92268FFB19001B1E1F /* View */,
				02CBAE93268FFB1E001B1E1F /* Controller */,
				F388126F26905F2C0061D243 /* Fonts */,
				02CBAE79268FFA8C001B1E1F /* AppDelegate.swift */,
				02CBAE7B268FFA8C001B1E1F /* SceneDelegate.swift */,
				02CBAE85268FFA90001B1E1F /* Assets.xcassets */,
				02CBAE87268FFA90001B1E1F /* LaunchScreen.storyboard */,
				02CBAE8A268FFA90001B1E1F /* Info.plist */,
				02CBAE82268FFA8C001B1E1F /* Maluscation.xcdatamodeld */,
			);
			path = Maluscation;
			sourceTree = "<group>";
		};
		02CBAE90268FFB06001B1E1F /* Model */ = {
			isa = PBXGroup;
			children = (
				02D49A832690244B003B7108 /* DataManager.swift */,
			);
			path = Model;
			sourceTree = "<group>";
		};
		02CBAE92268FFB19001B1E1F /* View */ = {
			isa = PBXGroup;
			children = (
				02CBAE7F268FFA8C001B1E1F /* Main.storyboard */,
				F3881269269025A40061D243 /* BookingForm.storyboard */,
				F38812762690940A0061D243 /* Receipt.storyboard */,
				F3B1C6B52691809C004C24EC /* PaymentOpt.storyboard */,
				F3B1C6B926919186004C24EC /* UserDetail.storyboard */,
				02D49A85269075FB003B7108 /* PreferenceCheck.storyboard */,
				02D49A8F2690770C003B7108 /* SwipePage.storyboard */,
			);
			path = View;
			sourceTree = "<group>";
		};
		02CBAE93268FFB1E001B1E1F /* Controller */ = {
			isa = PBXGroup;
			children = (
				02CBAE7D268FFA8C001B1E1F /* ViewController.swift */,
				F388126B269025D20061D243 /* BookingFormViewController.swift */,
				F3881278269094220061D243 /* ReceiptViewController.swift */,
				F3B1C6B7269180AC004C24EC /* PaymentOptViewController.swift */,
				F3B1C6BB26919195004C24EC /* UserDetailViewController.swift */,
				02D49A8B269076D6003B7108 /* SwipePageViewController.swift */,
				02D49A8D269076F8003B7108 /* PreferenceCheckViewController.swift */,
			);
			path = Controller;
			sourceTree = "<group>";
		};
		F388126F26905F2C0061D243 /* Fonts */ = {
			isa = PBXGroup;
			children = (
				F388127026906A4E0061D243 /* Signika-Bold.ttf */,
				F388126D26905EEC0061D243 /* RobotoSlab-Black.ttf */,
				F388127326906ACE0061D243 /* RobotoSlab-Light.ttf */,
				F388127226906ACE0061D243 /* RobotoSlab-Medium.ttf */,
			);
			path = Fonts;
			sourceTree = "<group>";
		};
/* End PBXGroup section */

/* Begin PBXNativeTarget section */
		02CBAE75268FFA8C001B1E1F /* Maluscation */ = {
			isa = PBXNativeTarget;
			buildConfigurationList = 02CBAE8D268FFA90001B1E1F /* Build configuration list for PBXNativeTarget "Maluscation" */;
			buildPhases = (
				02CBAE72268FFA8C001B1E1F /* Sources */,
				02CBAE73268FFA8C001B1E1F /* Frameworks */,
				02CBAE74268FFA8C001B1E1F /* Resources */,
			);
			buildRules = (
			);
			dependencies = (
			);
			name = Maluscation;
			productName = Maluscation;
			productReference = 02CBAE76268FFA8C001B1E1F /* Maluscation.app */;
			productType = "com.apple.product-type.application";
		};
/* End PBXNativeTarget section */

/* Begin PBXProject section */
		02CBAE6E268FFA8C001B1E1F /* Project object */ = {
			isa = PBXProject;
			attributes = {
				LastSwiftUpdateCheck = 1250;
				LastUpgradeCheck = 1250;
				TargetAttributes = {
					02CBAE75268FFA8C001B1E1F = {
						CreatedOnToolsVersion = 12.5;
					};
				};
			};
			buildConfigurationList = 02CBAE71268FFA8C001B1E1F /* Build configuration list for PBXProject "Maluscation" */;
			compatibilityVersion = "Xcode 9.3";
			developmentRegion = en;
			hasScannedForEncodings = 0;
			knownRegions = (
				en,
				Base,
			);
			mainGroup = 02CBAE6D268FFA8C001B1E1F;
			productRefGroup = 02CBAE77268FFA8C001B1E1F /* Products */;
			projectDirPath = "";
			projectRoot = "";
			targets = (
				02CBAE75268FFA8C001B1E1F /* Maluscation */,
			);
		};
/* End PBXProject section */

/* Begin PBXResourcesBuildPhase section */
		02CBAE74268FFA8C001B1E1F /* Resources */ = {
			isa = PBXResourcesBuildPhase;
			buildActionMask = 2147483647;
			files = (
				02D49A902690770C003B7108 /* SwipePage.storyboard in Resources */,
				02CBAE89268FFA90001B1E1F /* LaunchScreen.storyboard in Resources */,
				F3B1C6B62691809C004C24EC /* PaymentOpt.storyboard in Resources */,
				02CBAE86268FFA90001B1E1F /* Assets.xcassets in Resources */,
				F38812772690940A0061D243 /* Receipt.storyboard in Resources */,
				F388126E26905EEC0061D243 /* RobotoSlab-Black.ttf in Resources */,
				F388126A269025A40061D243 /* BookingForm.storyboard in Resources */,
				F388127526906ACE0061D243 /* RobotoSlab-Light.ttf in Resources */,
				F388127126906A4E0061D243 /* Signika-Bold.ttf in Resources */,
				F3B1C6BA26919186004C24EC /* UserDetail.storyboard in Resources */,
				F388127426906ACE0061D243 /* RobotoSlab-Medium.ttf in Resources */,
				02D49A86269075FB003B7108 /* PreferenceCheck.storyboard in Resources */,
				02CBAE81268FFA8C001B1E1F /* Main.storyboard in Resources */,
			);
			runOnlyForDeploymentPostprocessing = 0;
		};
/* End PBXResourcesBuildPhase section */

/* Begin PBXSourcesBuildPhase section */
		02CBAE72268FFA8C001B1E1F /* Sources */ = {
			isa = PBXSourcesBuildPhase;
			buildActionMask = 2147483647;
			files = (
				02CBAE84268FFA8C001B1E1F /* Maluscation.xcdatamodeld in Sources */,
				F3B1C6B8269180AC004C24EC /* PaymentOptViewController.swift in Sources */,
				F3B1C6BC26919195004C24EC /* UserDetailViewController.swift in Sources */,
				02D49A842690244B003B7108 /* DataManager.swift in Sources */,
				02CBAE7E268FFA8C001B1E1F /* ViewController.swift in Sources */,
				02D49A8C269076D6003B7108 /* SwipePageViewController.swift in Sources */,
				02CBAE7A268FFA8C001B1E1F /* AppDelegate.swift in Sources */,
				F3881279269094220061D243 /* ReceiptViewController.swift in Sources */,
				F388126C269025D20061D243 /* BookingFormViewController.swift in Sources */,
				02CBAE7C268FFA8C001B1E1F /* SceneDelegate.swift in Sources */,
				02D49A8E269076F8003B7108 /* PreferenceCheckViewController.swift in Sources */,
			);
			runOnlyForDeploymentPostprocessing = 0;
		};
/* End PBXSourcesBuildPhase section */

/* Begin PBXVariantGroup section */
		02CBAE7F268FFA8C001B1E1F /* Main.storyboard */ = {
			isa = PBXVariantGroup;
			children = (
				02CBAE80268FFA8C001B1E1F /* Base */,
			);
			name = Main.storyboard;
			sourceTree = "<group>";
		};
		02CBAE87268FFA90001B1E1F /* LaunchScreen.storyboard */ = {
			isa = PBXVariantGroup;
			children = (
				02CBAE88268FFA90001B1E1F /* Base */,
			);
			name = LaunchScreen.storyboard;
			sourceTree = "<group>";
		};
/* End PBXVariantGroup section */

/* Begin XCBuildConfiguration section */
		02CBAE8B268FFA90001B1E1F /* Debug */ = {
			isa = XCBuildConfiguration;
			buildSettings = {
				ALWAYS_SEARCH_USER_PATHS = NO;
				CLANG_ANALYZER_NONNULL = YES;
				CLANG_ANALYZER_NUMBER_OBJECT_CONVERSION = YES_AGGRESSIVE;
				CLANG_CXX_LANGUAGE_STANDARD = "gnu++14";
				CLANG_CXX_LIBRARY = "libc++";
				CLANG_ENABLE_MODULES = YES;
				CLANG_ENABLE_OBJC_ARC = YES;
				CLANG_ENABLE_OBJC_WEAK = YES;
				CLANG_WARN_BLOCK_CAPTURE_AUTORELEASING = YES;
				CLANG_WARN_BOOL_CONVERSION = YES;
				CLANG_WARN_COMMA = YES;
				CLANG_WARN_CONSTANT_CONVERSION = YES;
				CLANG_WARN_DEPRECATED_OBJC_IMPLEMENTATIONS = YES;
				CLANG_WARN_DIRECT_OBJC_ISA_USAGE = YES_ERROR;
				CLANG_WARN_DOCUMENTATION_COMMENTS = YES;
				CLANG_WARN_EMPTY_BODY = YES;
				CLANG_WARN_ENUM_CONVERSION = YES;
				CLANG_WARN_INFINITE_RECURSION = YES;
				CLANG_WARN_INT_CONVERSION = YES;
				CLANG_WARN_NON_LITERAL_NULL_CONVERSION = YES;
				CLANG_WARN_OBJC_IMPLICIT_RETAIN_SELF = YES;
				CLANG_WARN_OBJC_LITERAL_CONVERSION = YES;
				CLANG_WARN_OBJC_ROOT_CLASS = YES_ERROR;
				CLANG_WARN_QUOTED_INCLUDE_IN_FRAMEWORK_HEADER = YES;
				CLANG_WARN_RANGE_LOOP_ANALYSIS = YES;
				CLANG_WARN_STRICT_PROTOTYPES = YES;
				CLANG_WARN_SUSPICIOUS_MOVE = YES;
				CLANG_WARN_UNGUARDED_AVAILABILITY = YES_AGGRESSIVE;
				CLANG_WARN_UNREACHABLE_CODE = YES;
				CLANG_WARN__DUPLICATE_METHOD_MATCH = YES;
				COPY_PHASE_STRIP = NO;
				DEBUG_INFORMATION_FORMAT = dwarf;
				ENABLE_STRICT_OBJC_MSGSEND = YES;
				ENABLE_TESTABILITY = YES;
				GCC_C_LANGUAGE_STANDARD = gnu11;
				GCC_DYNAMIC_NO_PIC = NO;
				GCC_NO_COMMON_BLOCKS = YES;
				GCC_OPTIMIZATION_LEVEL = 0;
				GCC_PREPROCESSOR_DEFINITIONS = (
					"DEBUG=1",
					"$(inherited)",
				);
				GCC_WARN_64_TO_32_BIT_CONVERSION = YES;
				GCC_WARN_ABOUT_RETURN_TYPE = YES_ERROR;
				GCC_WARN_UNDECLARED_SELECTOR = YES;
				GCC_WARN_UNINITIALIZED_AUTOS = YES_AGGRESSIVE;
				GCC_WARN_UNUSED_FUNCTION = YES;
				GCC_WARN_UNUSED_VARIABLE = YES;
				IPHONEOS_DEPLOYMENT_TARGET = 14.5;
				MTL_ENABLE_DEBUG_INFO = INCLUDE_SOURCE;
				MTL_FAST_MATH = YES;
				ONLY_ACTIVE_ARCH = YES;
				SDKROOT = iphoneos;
				SWIFT_ACTIVE_COMPILATION_CONDITIONS = DEBUG;
				SWIFT_OPTIMIZATION_LEVEL = "-Onone";
			};
			name = Debug;
		};
		02CBAE8C268FFA90001B1E1F /* Release */ = {
			isa = XCBuildConfiguration;
			buildSettings = {
				ALWAYS_SEARCH_USER_PATHS = NO;
				CLANG_ANALYZER_NONNULL = YES;
				CLANG_ANALYZER_NUMBER_OBJECT_CONVERSION = YES_AGGRESSIVE;
				CLANG_CXX_LANGUAGE_STANDARD = "gnu++14";
				CLANG_CXX_LIBRARY = "libc++";
				CLANG_ENABLE_MODULES = YES;
				CLANG_ENABLE_OBJC_ARC = YES;
				CLANG_ENABLE_OBJC_WEAK = YES;
				CLANG_WARN_BLOCK_CAPTURE_AUTORELEASING = YES;
				CLANG_WARN_BOOL_CONVERSION = YES;
				CLANG_WARN_COMMA = YES;
				CLANG_WARN_CONSTANT_CONVERSION = YES;
				CLANG_WARN_DEPRECATED_OBJC_IMPLEMENTATIONS = YES;
				CLANG_WARN_DIRECT_OBJC_ISA_USAGE = YES_ERROR;
				CLANG_WARN_DOCUMENTATION_COMMENTS = YES;
				CLANG_WARN_EMPTY_BODY = YES;
				CLANG_WARN_ENUM_CONVERSION = YES;
				CLANG_WARN_INFINITE_RECURSION = YES;
				CLANG_WARN_INT_CONVERSION = YES;
				CLANG_WARN_NON_LITERAL_NULL_CONVERSION = YES;
				CLANG_WARN_OBJC_IMPLICIT_RETAIN_SELF = YES;
				CLANG_WARN_OBJC_LITERAL_CONVERSION = YES;
				CLANG_WARN_OBJC_ROOT_CLASS = YES_ERROR;
				CLANG_WARN_QUOTED_INCLUDE_IN_FRAMEWORK_HEADER = YES;
				CLANG_WARN_RANGE_LOOP_ANALYSIS = YES;
				CLANG_WARN_STRICT_PROTOTYPES = YES;
				CLANG_WARN_SUSPICIOUS_MOVE = YES;
				CLANG_WARN_UNGUARDED_AVAILABILITY = YES_AGGRESSIVE;
				CLANG_WARN_UNREACHABLE_CODE = YES;
				CLANG_WARN__DUPLICATE_METHOD_MATCH = YES;
				COPY_PHASE_STRIP = NO;
				DEBUG_INFORMATION_FORMAT = "dwarf-with-dsym";
				ENABLE_NS_ASSERTIONS = NO;
				ENABLE_STRICT_OBJC_MSGSEND = YES;
				GCC_C_LANGUAGE_STANDARD = gnu11;
				GCC_NO_COMMON_BLOCKS = YES;
				GCC_WARN_64_TO_32_BIT_CONVERSION = YES;
				GCC_WARN_ABOUT_RETURN_TYPE = YES_ERROR;
				GCC_WARN_UNDECLARED_SELECTOR = YES;
				GCC_WARN_UNINITIALIZED_AUTOS = YES_AGGRESSIVE;
				GCC_WARN_UNUSED_FUNCTION = YES;
				GCC_WARN_UNUSED_VARIABLE = YES;
				IPHONEOS_DEPLOYMENT_TARGET = 14.5;
				MTL_ENABLE_DEBUG_INFO = NO;
				MTL_FAST_MATH = YES;
				SDKROOT = iphoneos;
				SWIFT_COMPILATION_MODE = wholemodule;
				SWIFT_OPTIMIZATION_LEVEL = "-O";
				VALIDATE_PRODUCT = YES;
			};
			name = Release;
		};
		02CBAE8E268FFA90001B1E1F /* Debug */ = {
			isa = XCBuildConfiguration;
			buildSettings = {
				ASSETCATALOG_COMPILER_APPICON_NAME = AppIcon;
				ASSETCATALOG_COMPILER_GLOBAL_ACCENT_COLOR_NAME = AccentColor;
				CODE_SIGN_ENTITLEMENTS = Maluscation/Maluscation.entitlements;
				CODE_SIGN_STYLE = Automatic;
				DEVELOPMENT_TEAM = NZ4J9325UD;
				INFOPLIST_FILE = Maluscation/Info.plist;
				LD_RUNPATH_SEARCH_PATHS = (
					"$(inherited)",
					"@executable_path/Frameworks",
				);
				PRODUCT_BUNDLE_IDENTIFIER = com.gilbertnicholas.Maluscation;
				PRODUCT_NAME = "$(TARGET_NAME)";
				SWIFT_VERSION = 5.0;
				TARGETED_DEVICE_FAMILY = 1;
			};
			name = Debug;
		};
		02CBAE8F268FFA90001B1E1F /* Release */ = {
			isa = XCBuildConfiguration;
			buildSettings = {
				ASSETCATALOG_COMPILER_APPICON_NAME = AppIcon;
				ASSETCATALOG_COMPILER_GLOBAL_ACCENT_COLOR_NAME = AccentColor;
				CODE_SIGN_ENTITLEMENTS = Maluscation/Maluscation.entitlements;
				CODE_SIGN_STYLE = Automatic;
				DEVELOPMENT_TEAM = NZ4J9325UD;
				INFOPLIST_FILE = Maluscation/Info.plist;
				LD_RUNPATH_SEARCH_PATHS = (
					"$(inherited)",
					"@executable_path/Frameworks",
				);
				PRODUCT_BUNDLE_IDENTIFIER = com.gilbertnicholas.Maluscation;
				PRODUCT_NAME = "$(TARGET_NAME)";
				SWIFT_VERSION = 5.0;
				TARGETED_DEVICE_FAMILY = 1;
			};
			name = Release;
		};
/* End XCBuildConfiguration section */

/* Begin XCConfigurationList section */
		02CBAE71268FFA8C001B1E1F /* Build configuration list for PBXProject "Maluscation" */ = {
			isa = XCConfigurationList;
			buildConfigurations = (
				02CBAE8B268FFA90001B1E1F /* Debug */,
				02CBAE8C268FFA90001B1E1F /* Release */,
			);
			defaultConfigurationIsVisible = 0;
			defaultConfigurationName = Release;
		};
		02CBAE8D268FFA90001B1E1F /* Build configuration list for PBXNativeTarget "Maluscation" */ = {
			isa = XCConfigurationList;
			buildConfigurations = (
				02CBAE8E268FFA90001B1E1F /* Debug */,
				02CBAE8F268FFA90001B1E1F /* Release */,
			);
			defaultConfigurationIsVisible = 0;
			defaultConfigurationName = Release;
		};
/* End XCConfigurationList section */

/* Begin XCVersionGroup section */
		02CBAE82268FFA8C001B1E1F /* Maluscation.xcdatamodeld */ = {
			isa = XCVersionGroup;
			children = (
				02CBAE83268FFA8C001B1E1F /* Maluscation.xcdatamodel */,
			);
			currentVersion = 02CBAE83268FFA8C001B1E1F /* Maluscation.xcdatamodel */;
			path = Maluscation.xcdatamodeld;
			sourceTree = "<group>";
			versionGroupType = wrapper.xcdatamodel;
		};
/* End XCVersionGroup section */
	};
	rootObject = 02CBAE6E268FFA8C001B1E1F /* Project object */;
}
